// !$*UTF8*$!
{
	archiveVersion = 1;
	classes = {
	};
	objectVersion = 56;
	objects = {

/* Begin PBXBuildFile section */
		850FC5AA2BA9D42900E66FB4 /* OnLoadModifier.swift in Sources */ = {isa = PBXBuildFile; fileRef = 850FC5A92BA9D42900E66FB4 /* OnLoadModifier.swift */; };
		852DB8972B70BD2100596FFB /* ErrorAnimationBackgroundView.swift in Sources */ = {isa = PBXBuildFile; fileRef = 852DB8962B70BD2100596FFB /* ErrorAnimationBackgroundView.swift */; };
		852DB8992B73613100596FFB /* ForecastDetailNowView.swift in Sources */ = {isa = PBXBuildFile; fileRef = 852DB8982B73613100596FFB /* ForecastDetailNowView.swift */; };
		857371BF2BE91B21002B20FB /* Factory in Frameworks */ = {isa = PBXBuildFile; productRef = 857371BE2BE91B21002B20FB /* Factory */; };
		857AC6AD2AF22F0B00C4906F /* AppleWeatherSwiftApp.swift in Sources */ = {isa = PBXBuildFile; fileRef = 857AC6AC2AF22F0B00C4906F /* AppleWeatherSwiftApp.swift */; };
		857AC6AF2AF22F0B00C4906F /* ContentView.swift in Sources */ = {isa = PBXBuildFile; fileRef = 857AC6AE2AF22F0B00C4906F /* ContentView.swift */; };
		857AC6B12AF22F0C00C4906F /* Assets.xcassets in Resources */ = {isa = PBXBuildFile; fileRef = 857AC6B02AF22F0C00C4906F /* Assets.xcassets */; };
		857AC6B42AF22F0C00C4906F /* Preview Assets.xcassets in Resources */ = {isa = PBXBuildFile; fileRef = 857AC6B32AF22F0C00C4906F /* Preview Assets.xcassets */; };
		857AC6DF2AF23A3100C4906F /* ForecastView.swift in Sources */ = {isa = PBXBuildFile; fileRef = 857AC6DE2AF23A3100C4906F /* ForecastView.swift */; };
		857AC6E32AF23C6200C4906F /* TodayView.swift in Sources */ = {isa = PBXBuildFile; fileRef = 857AC6E22AF23C6200C4906F /* TodayView.swift */; };
		858AF8AE2B5906D200F91C3F /* WeatherManagerExtension.swift in Sources */ = {isa = PBXBuildFile; fileRef = 858AF8AD2B5906D200F91C3F /* WeatherManagerExtension.swift */; };
		858AF8B02B59206000F91C3F /* ShareButtonExtension.swift in Sources */ = {isa = PBXBuildFile; fileRef = 858AF8AF2B59206000F91C3F /* ShareButtonExtension.swift */; };
		858AF8B42B5A5E1200F91C3F /* ErrorInternetConnectionView.swift in Sources */ = {isa = PBXBuildFile; fileRef = 858AF8B32B5A5E1200F91C3F /* ErrorInternetConnectionView.swift */; };
		85B73FFA2BBD2720001AF499 /* Network.swift in Sources */ = {isa = PBXBuildFile; fileRef = 85B73FF92BBD2720001AF499 /* Network.swift */; };
		85B73FFC2BBD2768001AF499 /* Router.swift in Sources */ = {isa = PBXBuildFile; fileRef = 85B73FFB2BBD2768001AF499 /* Router.swift */; };
		85B73FFE2BBD28B0001AF499 /* NetworkError.swift in Sources */ = {isa = PBXBuildFile; fileRef = 85B73FFD2BBD28B0001AF499 /* NetworkError.swift */; };
		85B7400A2BBE7A01001AF499 /* RouterWeatherManager.swift in Sources */ = {isa = PBXBuildFile; fileRef = 85B740092BBE7A01001AF499 /* RouterWeatherManager.swift */; };
		85C0C8B22B04A0F100733E82 /* Font+App.swift in Sources */ = {isa = PBXBuildFile; fileRef = 85C0C8B12B04A0F100733E82 /* Font+App.swift */; };
		85C0C8FE2B0C8EA900733E82 /* Inter-Medium.otf in Resources */ = {isa = PBXBuildFile; fileRef = 85C0C8FA2B0C8EA900733E82 /* Inter-Medium.otf */; };
		85C0C8FF2B0C8EA900733E82 /* Inter-Regular.otf in Resources */ = {isa = PBXBuildFile; fileRef = 85C0C8FB2B0C8EA900733E82 /* Inter-Regular.otf */; };
		85C0C9002B0C8EA900733E82 /* Inter-SemiBold.otf in Resources */ = {isa = PBXBuildFile; fileRef = 85C0C8FC2B0C8EA900733E82 /* Inter-SemiBold.otf */; };
		85C0C9012B0C8EA900733E82 /* Inter-Bold.otf in Resources */ = {isa = PBXBuildFile; fileRef = 85C0C8FD2B0C8EA900733E82 /* Inter-Bold.otf */; };
		85C0C9032B0F2EA500733E82 /* ErrorFetchingDataView.swift in Sources */ = {isa = PBXBuildFile; fileRef = 85C0C9022B0F2EA500733E82 /* ErrorFetchingDataView.swift */; };
		85C0C9052B0F2EBD00733E82 /* EnableLocationView.swift in Sources */ = {isa = PBXBuildFile; fileRef = 85C0C9042B0F2EBD00733E82 /* EnableLocationView.swift */; };
		85C0C9072B0F37FF00733E82 /* Image+App.swift in Sources */ = {isa = PBXBuildFile; fileRef = 85C0C9062B0F37FF00733E82 /* Image+App.swift */; };
		85C0C9092B0F9C2300733E82 /* AppText.swift in Sources */ = {isa = PBXBuildFile; fileRef = 85C0C9082B0F9C2300733E82 /* AppText.swift */; };
		85C0C90B2B0FB7D400733E82 /* ButtonStyle.swift in Sources */ = {isa = PBXBuildFile; fileRef = 85C0C90A2B0FB7D400733E82 /* ButtonStyle.swift */; };
		85C0C90E2B0FD01D00733E82 /* Localizable.xcstrings in Resources */ = {isa = PBXBuildFile; fileRef = 85C0C90D2B0FD01D00733E82 /* Localizable.xcstrings */; };
		85C2B5E52B26EE8B00305CDF /* weatherDataForecast.json in Resources */ = {isa = PBXBuildFile; fileRef = 85C2B5E42B26EE8B00305CDF /* weatherDataForecast.json */; };
		85C2B5F62B36D42900305CDF /* TodayViewModel.swift in Sources */ = {isa = PBXBuildFile; fileRef = 85C2B5F52B36D42900305CDF /* TodayViewModel.swift */; };
		85C2B5F82B4C27A700305CDF /* TodayViewContent.swift in Sources */ = {isa = PBXBuildFile; fileRef = 85C2B5F72B4C27A700305CDF /* TodayViewContent.swift */; };
		85C2B5FA2B4C520C00305CDF /* ForecastViewModel.swift in Sources */ = {isa = PBXBuildFile; fileRef = 85C2B5F92B4C520C00305CDF /* ForecastViewModel.swift */; };
		85C2B5FC2B4C52A500305CDF /* ForecastViewContent.swift in Sources */ = {isa = PBXBuildFile; fileRef = 85C2B5FB2B4C52A500305CDF /* ForecastViewContent.swift */; };
		85C8A7882B12478500BCBC3A /* TodayDetailInfo.swift in Sources */ = {isa = PBXBuildFile; fileRef = 85C8A7872B12478500BCBC3A /* TodayDetailInfo.swift */; };
		85C8A7942B1477EA00BCBC3A /* TodayAnimationBackgroundView.swift in Sources */ = {isa = PBXBuildFile; fileRef = 85C8A7932B1477EA00BCBC3A /* TodayAnimationBackgroundView.swift */; };
		85C8A7982B15C67E00BCBC3A /* ForecastDetailView.swift in Sources */ = {isa = PBXBuildFile; fileRef = 85C8A7972B15C67E00BCBC3A /* ForecastDetailView.swift */; };
		85C8A79A2B15CE2100BCBC3A /* ForecastHeaderInfoView.swift in Sources */ = {isa = PBXBuildFile; fileRef = 85C8A7992B15CE2100BCBC3A /* ForecastHeaderInfoView.swift */; };
		85C8A7A52B19BCDB00BCBC3A /* LocationManager.swift in Sources */ = {isa = PBXBuildFile; fileRef = 85C8A7A42B19BCDB00BCBC3A /* LocationManager.swift */; };
		85C8A7A82B19C08400BCBC3A /* LoadingView.swift in Sources */ = {isa = PBXBuildFile; fileRef = 85C8A7A72B19C08400BCBC3A /* LoadingView.swift */; };
		85C8A7B12B1B83E500BCBC3A /* WeatherManager.swift in Sources */ = {isa = PBXBuildFile; fileRef = 85C8A7B02B1B83E500BCBC3A /* WeatherManager.swift */; };
		85C8A7B32B1CD65900BCBC3A /* ModelData.swift in Sources */ = {isa = PBXBuildFile; fileRef = 85C8A7B22B1CD65900BCBC3A /* ModelData.swift */; };
		85C8A7B52B1CD6AE00BCBC3A /* weatherDataCurrentWeather.json in Resources */ = {isa = PBXBuildFile; fileRef = 85C8A7B42B1CD6AE00BCBC3A /* weatherDataCurrentWeather.json */; };
		85C8A7B72B1DAF1D00BCBC3A /* ExtensionDouble.swift in Sources */ = {isa = PBXBuildFile; fileRef = 85C8A7B62B1DAF1D00BCBC3A /* ExtensionDouble.swift */; };
		85C8A7BB2B1F0A3E00BCBC3A /* ShareSheetView.swift in Sources */ = {isa = PBXBuildFile; fileRef = 85C8A7BA2B1F0A3E00BCBC3A /* ShareSheetView.swift */; };
		85D47C1A2BA1839400F9B53C /* ExtensionString.swift in Sources */ = {isa = PBXBuildFile; fileRef = 85D47C192BA1839400F9B53C /* ExtensionString.swift */; };
		85D47C1C2BA183AC00F9B53C /* ExtensionDate.swift in Sources */ = {isa = PBXBuildFile; fileRef = 85D47C1B2BA183AC00F9B53C /* ExtensionDate.swift */; };
		85D47C1E2BA183BD00F9B53C /* ExtensionImage.swift in Sources */ = {isa = PBXBuildFile; fileRef = 85D47C1D2BA183BD00F9B53C /* ExtensionImage.swift */; };
		85D47C262BA2D4A300F9B53C /* ResponseData.swift in Sources */ = {isa = PBXBuildFile; fileRef = 85D47C252BA2D4A300F9B53C /* ResponseData.swift */; };
		85D47C2E2BA43E9B00F9B53C /* ExtensionTemperatureLogic.swift in Sources */ = {isa = PBXBuildFile; fileRef = 85D47C2D2BA43E9B00F9B53C /* ExtensionTemperatureLogic.swift */; };
		85D47C312BA5909000F9B53C /* Logs.swift in Sources */ = {isa = PBXBuildFile; fileRef = 85D47C302BA5909000F9B53C /* Logs.swift */; };
		85D47C342BA8287C00F9B53C /* Constants.swift in Sources */ = {isa = PBXBuildFile; fileRef = 85D47C332BA8287C00F9B53C /* Constants.swift */; };
/* End PBXBuildFile section */

/* Begin PBXCopyFilesBuildPhase section */
		852DB8E42B74B3AE00596FFB /* Embed Watch Content */ = {
			isa = PBXCopyFilesBuildPhase;
			buildActionMask = 2147483647;
			dstPath = "$(CONTENTS_FOLDER_PATH)/Watch";
			dstSubfolderSpec = 16;
			files = (
			);
			name = "Embed Watch Content";
			runOnlyForDeploymentPostprocessing = 0;
		};
		85412DF92B826D22000EB544 /* Embed Foundation Extensions */ = {
			isa = PBXCopyFilesBuildPhase;
			buildActionMask = 2147483647;
			dstPath = "";
			dstSubfolderSpec = 13;
			files = (
			);
			name = "Embed Foundation Extensions";
			runOnlyForDeploymentPostprocessing = 0;
		};
/* End PBXCopyFilesBuildPhase section */

/* Begin PBXFileReference section */
		850FC5A92BA9D42900E66FB4 /* OnLoadModifier.swift */ = {isa = PBXFileReference; lastKnownFileType = sourcecode.swift; path = OnLoadModifier.swift; sourceTree = "<group>"; };
		852DB8962B70BD2100596FFB /* ErrorAnimationBackgroundView.swift */ = {isa = PBXFileReference; lastKnownFileType = sourcecode.swift; path = ErrorAnimationBackgroundView.swift; sourceTree = "<group>"; };
		852DB8982B73613100596FFB /* ForecastDetailNowView.swift */ = {isa = PBXFileReference; lastKnownFileType = sourcecode.swift; path = ForecastDetailNowView.swift; sourceTree = "<group>"; };
		85412DE82B826D21000EB544 /* SwiftUI.framework */ = {isa = PBXFileReference; lastKnownFileType = wrapper.framework; name = SwiftUI.framework; path = System/Library/Frameworks/SwiftUI.framework; sourceTree = SDKROOT; };
		857AC6A92AF22F0B00C4906F /* WeatherAppSwiftUIKit.app */ = {isa = PBXFileReference; explicitFileType = wrapper.application; includeInIndex = 0; path = WeatherAppSwiftUIKit.app; sourceTree = BUILT_PRODUCTS_DIR; };
		857AC6AC2AF22F0B00C4906F /* AppleWeatherSwiftApp.swift */ = {isa = PBXFileReference; lastKnownFileType = sourcecode.swift; path = AppleWeatherSwiftApp.swift; sourceTree = "<group>"; };
		857AC6AE2AF22F0B00C4906F /* ContentView.swift */ = {isa = PBXFileReference; lastKnownFileType = sourcecode.swift; path = ContentView.swift; sourceTree = "<group>"; };
		857AC6B02AF22F0C00C4906F /* Assets.xcassets */ = {isa = PBXFileReference; lastKnownFileType = folder.assetcatalog; path = Assets.xcassets; sourceTree = "<group>"; };
		857AC6B32AF22F0C00C4906F /* Preview Assets.xcassets */ = {isa = PBXFileReference; lastKnownFileType = folder.assetcatalog; path = "Preview Assets.xcassets"; sourceTree = "<group>"; };
		857AC6BD2AF22F0C00C4906F /* AppleWeatherSwiftTests.swift */ = {isa = PBXFileReference; lastKnownFileType = sourcecode.swift; path = AppleWeatherSwiftTests.swift; sourceTree = "<group>"; };
		857AC6DE2AF23A3100C4906F /* ForecastView.swift */ = {isa = PBXFileReference; lastKnownFileType = sourcecode.swift; path = ForecastView.swift; sourceTree = "<group>"; };
		857AC6E22AF23C6200C4906F /* TodayView.swift */ = {isa = PBXFileReference; lastKnownFileType = sourcecode.swift; path = TodayView.swift; sourceTree = "<group>"; };
		858AF8AD2B5906D200F91C3F /* WeatherManagerExtension.swift */ = {isa = PBXFileReference; lastKnownFileType = sourcecode.swift; path = WeatherManagerExtension.swift; sourceTree = "<group>"; };
		858AF8AF2B59206000F91C3F /* ShareButtonExtension.swift */ = {isa = PBXFileReference; lastKnownFileType = sourcecode.swift; path = ShareButtonExtension.swift; sourceTree = "<group>"; };
		858AF8B32B5A5E1200F91C3F /* ErrorInternetConnectionView.swift */ = {isa = PBXFileReference; lastKnownFileType = sourcecode.swift; path = ErrorInternetConnectionView.swift; sourceTree = "<group>"; };
		85B3067A2B91B70200D3DD7D /* AppleWeatherSwiftDebug.entitlements */ = {isa = PBXFileReference; lastKnownFileType = text.plist.entitlements; path = AppleWeatherSwiftDebug.entitlements; sourceTree = "<group>"; };
		85B73FF92BBD2720001AF499 /* Network.swift */ = {isa = PBXFileReference; lastKnownFileType = sourcecode.swift; path = Network.swift; sourceTree = "<group>"; };
		85B73FFB2BBD2768001AF499 /* Router.swift */ = {isa = PBXFileReference; lastKnownFileType = sourcecode.swift; path = Router.swift; sourceTree = "<group>"; };
		85B73FFD2BBD28B0001AF499 /* NetworkError.swift */ = {isa = PBXFileReference; lastKnownFileType = sourcecode.swift; path = NetworkError.swift; sourceTree = "<group>"; };
		85B740092BBE7A01001AF499 /* RouterWeatherManager.swift */ = {isa = PBXFileReference; lastKnownFileType = sourcecode.swift; path = RouterWeatherManager.swift; sourceTree = "<group>"; };
		85C0C8AD2B03616500733E82 /* Info.plist */ = {isa = PBXFileReference; lastKnownFileType = text.plist.xml; path = Info.plist; sourceTree = "<group>"; };
		85C0C8B12B04A0F100733E82 /* Font+App.swift */ = {isa = PBXFileReference; lastKnownFileType = sourcecode.swift; path = "Font+App.swift"; sourceTree = "<group>"; };
		85C0C8FA2B0C8EA900733E82 /* Inter-Medium.otf */ = {isa = PBXFileReference; lastKnownFileType = file; path = "Inter-Medium.otf"; sourceTree = "<group>"; };
		85C0C8FB2B0C8EA900733E82 /* Inter-Regular.otf */ = {isa = PBXFileReference; lastKnownFileType = file; path = "Inter-Regular.otf"; sourceTree = "<group>"; };
		85C0C8FC2B0C8EA900733E82 /* Inter-SemiBold.otf */ = {isa = PBXFileReference; lastKnownFileType = file; path = "Inter-SemiBold.otf"; sourceTree = "<group>"; };
		85C0C8FD2B0C8EA900733E82 /* Inter-Bold.otf */ = {isa = PBXFileReference; lastKnownFileType = file; path = "Inter-Bold.otf"; sourceTree = "<group>"; };
		85C0C9022B0F2EA500733E82 /* ErrorFetchingDataView.swift */ = {isa = PBXFileReference; lastKnownFileType = sourcecode.swift; path = ErrorFetchingDataView.swift; sourceTree = "<group>"; };
		85C0C9042B0F2EBD00733E82 /* EnableLocationView.swift */ = {isa = PBXFileReference; lastKnownFileType = sourcecode.swift; path = EnableLocationView.swift; sourceTree = "<group>"; };
		85C0C9062B0F37FF00733E82 /* Image+App.swift */ = {isa = PBXFileReference; lastKnownFileType = sourcecode.swift; path = "Image+App.swift"; sourceTree = "<group>"; };
		85C0C9082B0F9C2300733E82 /* AppText.swift */ = {isa = PBXFileReference; lastKnownFileType = sourcecode.swift; path = AppText.swift; sourceTree = "<group>"; };
		85C0C90A2B0FB7D400733E82 /* ButtonStyle.swift */ = {isa = PBXFileReference; lastKnownFileType = sourcecode.swift; path = ButtonStyle.swift; sourceTree = "<group>"; };
		85C0C90D2B0FD01D00733E82 /* Localizable.xcstrings */ = {isa = PBXFileReference; lastKnownFileType = text.json.xcstrings; path = Localizable.xcstrings; sourceTree = "<group>"; };
		85C2B5E42B26EE8B00305CDF /* weatherDataForecast.json */ = {isa = PBXFileReference; lastKnownFileType = text.json; path = weatherDataForecast.json; sourceTree = "<group>"; };
		85C2B5F52B36D42900305CDF /* TodayViewModel.swift */ = {isa = PBXFileReference; lastKnownFileType = sourcecode.swift; path = TodayViewModel.swift; sourceTree = "<group>"; };
		85C2B5F72B4C27A700305CDF /* TodayViewContent.swift */ = {isa = PBXFileReference; lastKnownFileType = sourcecode.swift; path = TodayViewContent.swift; sourceTree = "<group>"; usesTabs = 0; wrapsLines = 1; };
		85C2B5F92B4C520C00305CDF /* ForecastViewModel.swift */ = {isa = PBXFileReference; lastKnownFileType = sourcecode.swift; path = ForecastViewModel.swift; sourceTree = "<group>"; };
		85C2B5FB2B4C52A500305CDF /* ForecastViewContent.swift */ = {isa = PBXFileReference; lastKnownFileType = sourcecode.swift; path = ForecastViewContent.swift; sourceTree = "<group>"; };
		85C8A7872B12478500BCBC3A /* TodayDetailInfo.swift */ = {isa = PBXFileReference; lastKnownFileType = sourcecode.swift; path = TodayDetailInfo.swift; sourceTree = "<group>"; };
		85C8A7932B1477EA00BCBC3A /* TodayAnimationBackgroundView.swift */ = {isa = PBXFileReference; lastKnownFileType = sourcecode.swift; path = TodayAnimationBackgroundView.swift; sourceTree = "<group>"; };
		85C8A7972B15C67E00BCBC3A /* ForecastDetailView.swift */ = {isa = PBXFileReference; lastKnownFileType = sourcecode.swift; path = ForecastDetailView.swift; sourceTree = "<group>"; };
		85C8A7992B15CE2100BCBC3A /* ForecastHeaderInfoView.swift */ = {isa = PBXFileReference; lastKnownFileType = sourcecode.swift; path = ForecastHeaderInfoView.swift; sourceTree = "<group>"; };
		85C8A7A42B19BCDB00BCBC3A /* LocationManager.swift */ = {isa = PBXFileReference; lastKnownFileType = sourcecode.swift; path = LocationManager.swift; sourceTree = "<group>"; };
		85C8A7A72B19C08400BCBC3A /* LoadingView.swift */ = {isa = PBXFileReference; lastKnownFileType = sourcecode.swift; path = LoadingView.swift; sourceTree = "<group>"; };
		85C8A7B02B1B83E500BCBC3A /* WeatherManager.swift */ = {isa = PBXFileReference; lastKnownFileType = sourcecode.swift; path = WeatherManager.swift; sourceTree = "<group>"; };
		85C8A7B22B1CD65900BCBC3A /* ModelData.swift */ = {isa = PBXFileReference; lastKnownFileType = sourcecode.swift; path = ModelData.swift; sourceTree = "<group>"; };
		85C8A7B42B1CD6AE00BCBC3A /* weatherDataCurrentWeather.json */ = {isa = PBXFileReference; lastKnownFileType = text.json; path = weatherDataCurrentWeather.json; sourceTree = "<group>"; };
		85C8A7B62B1DAF1D00BCBC3A /* ExtensionDouble.swift */ = {isa = PBXFileReference; lastKnownFileType = sourcecode.swift; path = ExtensionDouble.swift; sourceTree = "<group>"; };
		85C8A7BA2B1F0A3E00BCBC3A /* ShareSheetView.swift */ = {isa = PBXFileReference; lastKnownFileType = sourcecode.swift; path = ShareSheetView.swift; sourceTree = "<group>"; };
		85D47B9E2B95BA6900F9B53C /* AppleWeatherSwift.entitlements */ = {isa = PBXFileReference; lastKnownFileType = text.plist.entitlements; path = AppleWeatherSwift.entitlements; sourceTree = "<group>"; };
		85D47C192BA1839400F9B53C /* ExtensionString.swift */ = {isa = PBXFileReference; lastKnownFileType = sourcecode.swift; path = ExtensionString.swift; sourceTree = "<group>"; };
		85D47C1B2BA183AC00F9B53C /* ExtensionDate.swift */ = {isa = PBXFileReference; lastKnownFileType = sourcecode.swift; path = ExtensionDate.swift; sourceTree = "<group>"; };
		85D47C1D2BA183BD00F9B53C /* ExtensionImage.swift */ = {isa = PBXFileReference; lastKnownFileType = sourcecode.swift; path = ExtensionImage.swift; sourceTree = "<group>"; };
		85D47C252BA2D4A300F9B53C /* ResponseData.swift */ = {isa = PBXFileReference; lastKnownFileType = sourcecode.swift; path = ResponseData.swift; sourceTree = "<group>"; };
		85D47C2D2BA43E9B00F9B53C /* ExtensionTemperatureLogic.swift */ = {isa = PBXFileReference; lastKnownFileType = sourcecode.swift; path = ExtensionTemperatureLogic.swift; sourceTree = "<group>"; };
		85D47C302BA5909000F9B53C /* Logs.swift */ = {isa = PBXFileReference; lastKnownFileType = sourcecode.swift; path = Logs.swift; sourceTree = "<group>"; };
		85D47C332BA8287C00F9B53C /* Constants.swift */ = {isa = PBXFileReference; lastKnownFileType = sourcecode.swift; path = Constants.swift; sourceTree = "<group>"; };
/* End PBXFileReference section */

/* Begin PBXFrameworksBuildPhase section */
		857AC6A62AF22F0B00C4906F /* Frameworks */ = {
			isa = PBXFrameworksBuildPhase;
			buildActionMask = 2147483647;
			files = (
				857371BF2BE91B21002B20FB /* Factory in Frameworks */,
			);
			runOnlyForDeploymentPostprocessing = 0;
		};
/* End PBXFrameworksBuildPhase section */

/* Begin PBXGroup section */
		850FC5A82BA9D41B00E66FB4 /* Modifiers */ = {
			isa = PBXGroup;
			children = (
				850FC5A92BA9D42900E66FB4 /* OnLoadModifier.swift */,
			);
			path = Modifiers;
			sourceTree = "<group>";
		};
		85412DE52B826D21000EB544 /* Frameworks */ = {
			isa = PBXGroup;
			children = (
				85412DE82B826D21000EB544 /* SwiftUI.framework */,
			);
			name = Frameworks;
			sourceTree = "<group>";
		};
		857AC6A02AF22F0A00C4906F = {
			isa = PBXGroup;
			children = (
				857AC6AB2AF22F0B00C4906F /* AppleWeatherSwift */,
				85412DE52B826D21000EB544 /* Frameworks */,
				857AC6AA2AF22F0B00C4906F /* Products */,
			);
			sourceTree = "<group>";
		};
		857AC6AA2AF22F0B00C4906F /* Products */ = {
			isa = PBXGroup;
			children = (
				857AC6A92AF22F0B00C4906F /* WeatherAppSwiftUIKit.app */,
			);
			name = Products;
			sourceTree = "<group>";
		};
		857AC6AB2AF22F0B00C4906F /* AppleWeatherSwift */ = {
			isa = PBXGroup;
			children = (
				85D47B9E2B95BA6900F9B53C /* AppleWeatherSwift.entitlements */,
				85B3067A2B91B70200D3DD7D /* AppleWeatherSwiftDebug.entitlements */,
				85C2B5E72B26EFF700305CDF /* Common */,
				85C2B5E62B26EFE300305CDF /* Application */,
				85C8A7892B124FAE00BCBC3A /* Scenes */,
				857AC6BC2AF22F0C00C4906F /* AppleWeatherSwiftTests */,
				857AC6B22AF22F0C00C4906F /* Preview Content */,
				85C0C8AD2B03616500733E82 /* Info.plist */,
			);
			path = AppleWeatherSwift;
			sourceTree = "<group>";
		};
		857AC6B22AF22F0C00C4906F /* Preview Content */ = {
			isa = PBXGroup;
			children = (
				85C8A7B42B1CD6AE00BCBC3A /* weatherDataCurrentWeather.json */,
				85C2B5E42B26EE8B00305CDF /* weatherDataForecast.json */,
				857AC6B32AF22F0C00C4906F /* Preview Assets.xcassets */,
			);
			path = "Preview Content";
			sourceTree = "<group>";
		};
		857AC6BC2AF22F0C00C4906F /* AppleWeatherSwiftTests */ = {
			isa = PBXGroup;
			children = (
				857AC6BD2AF22F0C00C4906F /* AppleWeatherSwiftTests.swift */,
			);
			path = AppleWeatherSwiftTests;
			sourceTree = "<group>";
		};
		858AF8B12B5A5DD700F91C3F /* ErrorFetchingData */ = {
			isa = PBXGroup;
			children = (
				85C0C9022B0F2EA500733E82 /* ErrorFetchingDataView.swift */,
			);
			path = ErrorFetchingData;
			sourceTree = "<group>";
		};
		858AF8B22B5A5DEC00F91C3F /* ErrorInternetConnection */ = {
			isa = PBXGroup;
			children = (
				858AF8B32B5A5E1200F91C3F /* ErrorInternetConnectionView.swift */,
			);
			path = ErrorInternetConnection;
			sourceTree = "<group>";
		};
		85B73FF82BBD265F001AF499 /* RouterNetwork */ = {
			isa = PBXGroup;
			children = (
				85B73FF92BBD2720001AF499 /* Network.swift */,
				85B73FFB2BBD2768001AF499 /* Router.swift */,
				85B73FFD2BBD28B0001AF499 /* NetworkError.swift */,
				85B740092BBE7A01001AF499 /* RouterWeatherManager.swift */,
			);
			path = RouterNetwork;
			sourceTree = "<group>";
		};
		85C0C8AA2B03601700733E82 /* Fonts */ = {
			isa = PBXGroup;
			children = (
				85C0C8FD2B0C8EA900733E82 /* Inter-Bold.otf */,
				85C0C8FA2B0C8EA900733E82 /* Inter-Medium.otf */,
				85C0C8FB2B0C8EA900733E82 /* Inter-Regular.otf */,
				85C0C8FC2B0C8EA900733E82 /* Inter-SemiBold.otf */,
			);
			path = Fonts;
			sourceTree = "<group>";
		};
		85C0C8AE2B04A0A100733E82 /* Styles */ = {
			isa = PBXGroup;
			children = (
				85C0C9082B0F9C2300733E82 /* AppText.swift */,
				85C0C8B12B04A0F100733E82 /* Font+App.swift */,
				85C0C9062B0F37FF00733E82 /* Image+App.swift */,
				85C0C90A2B0FB7D400733E82 /* ButtonStyle.swift */,
			);
			path = Styles;
			sourceTree = "<group>";
		};
		85C0C90C2B0FC93700733E82 /* Resources - string catalog */ = {
			isa = PBXGroup;
			children = (
				85C0C90D2B0FD01D00733E82 /* Localizable.xcstrings */,
			);
			path = "Resources - string catalog";
			sourceTree = "<group>";
		};
		85C2B5E62B26EFE300305CDF /* Application */ = {
			isa = PBXGroup;
			children = (
				85C2B5EA2B26F14200305CDF /* Resources */,
			);
			path = Application;
			sourceTree = "<group>";
		};
		85C2B5E72B26EFF700305CDF /* Common */ = {
			isa = PBXGroup;
			children = (
				85B73FF82BBD265F001AF499 /* RouterNetwork */,
				850FC5A82BA9D41B00E66FB4 /* Modifiers */,
				85D47C322BA8285500F9B53C /* Constants  */,
				85C2B5EB2B26F1A100305CDF /* Model Data */,
				85C8A7A32B19BCBD00BCBC3A /* Managers */,
				85C2B5E92B26F0B800305CDF /* Extensions */,
			);
			path = Common;
			sourceTree = "<group>";
		};
		85C2B5E92B26F0B800305CDF /* Extensions */ = {
			isa = PBXGroup;
			children = (
				85D47C302BA5909000F9B53C /* Logs.swift */,
				85D47C2D2BA43E9B00F9B53C /* ExtensionTemperatureLogic.swift */,
				85C8A7B62B1DAF1D00BCBC3A /* ExtensionDouble.swift */,
				85D47C192BA1839400F9B53C /* ExtensionString.swift */,
				85D47C1B2BA183AC00F9B53C /* ExtensionDate.swift */,
				85D47C1D2BA183BD00F9B53C /* ExtensionImage.swift */,
				858AF8AD2B5906D200F91C3F /* WeatherManagerExtension.swift */,
				858AF8AF2B59206000F91C3F /* ShareButtonExtension.swift */,
				85C0C8AE2B04A0A100733E82 /* Styles */,
			);
			path = Extensions;
			sourceTree = "<group>";
		};
		85C2B5EA2B26F14200305CDF /* Resources */ = {
			isa = PBXGroup;
			children = (
				85C0C90C2B0FC93700733E82 /* Resources - string catalog */,
				85C0C8AA2B03601700733E82 /* Fonts */,
				857AC6B02AF22F0C00C4906F /* Assets.xcassets */,
				857AC6AE2AF22F0B00C4906F /* ContentView.swift */,
				857AC6AC2AF22F0B00C4906F /* AppleWeatherSwiftApp.swift */,
			);
			path = Resources;
			sourceTree = "<group>";
		};
		85C2B5EB2B26F1A100305CDF /* Model Data */ = {
			isa = PBXGroup;
			children = (
				85C8A7B22B1CD65900BCBC3A /* ModelData.swift */,
				85D47C252BA2D4A300F9B53C /* ResponseData.swift */,
			);
			path = "Model Data";
			sourceTree = "<group>";
		};
		85C2B5EC2B26F1B900305CDF /* AnimationBacground */ = {
			isa = PBXGroup;
			children = (
				85C8A7932B1477EA00BCBC3A /* TodayAnimationBackgroundView.swift */,
				852DB8962B70BD2100596FFB /* ErrorAnimationBackgroundView.swift */,
			);
			path = AnimationBacground;
			sourceTree = "<group>";
		};
		85C2B5FD2B4C596100305CDF /* ViewModel */ = {
			isa = PBXGroup;
			children = (
				85C2B5F92B4C520C00305CDF /* ForecastViewModel.swift */,
			);
			path = ViewModel;
			sourceTree = "<group>";
		};
		85C2B5FE2B4C59B700305CDF /* ViewModel */ = {
			isa = PBXGroup;
			children = (
				85C2B5F52B36D42900305CDF /* TodayViewModel.swift */,
			);
			path = ViewModel;
			sourceTree = "<group>";
		};
		85C2B5FF2B4C59D300305CDF /* ShareSheetView */ = {
			isa = PBXGroup;
			children = (
				85C8A7BA2B1F0A3E00BCBC3A /* ShareSheetView.swift */,
			);
			path = ShareSheetView;
			sourceTree = "<group>";
		};
		85C8A7892B124FAE00BCBC3A /* Scenes */ = {
			isa = PBXGroup;
			children = (
				85C8A78B2B124FD200BCBC3A /* ErrorView */,
				85C2B5EC2B26F1B900305CDF /* AnimationBacground */,
				85C8A7A92B19C12400BCBC3A /* EnableLocation */,
				85C8A7A62B19C06A00BCBC3A /* LoadingView */,
				85C8A78A2B124FBA00BCBC3A /* TodayView */,
				85C8A78C2B12504000BCBC3A /* ForecastView */,
			);
			path = Scenes;
			sourceTree = "<group>";
		};
		85C8A78A2B124FBA00BCBC3A /* TodayView */ = {
			isa = PBXGroup;
			children = (
				857AC6E22AF23C6200C4906F /* TodayView.swift */,
				85C2B5FE2B4C59B700305CDF /* ViewModel */,
				85C2B5FF2B4C59D300305CDF /* ShareSheetView */,
				85C2B5F72B4C27A700305CDF /* TodayViewContent.swift */,
				85C8A7872B12478500BCBC3A /* TodayDetailInfo.swift */,
			);
			path = TodayView;
			sourceTree = "<group>";
		};
		85C8A78B2B124FD200BCBC3A /* ErrorView */ = {
			isa = PBXGroup;
			children = (
				858AF8B22B5A5DEC00F91C3F /* ErrorInternetConnection */,
				858AF8B12B5A5DD700F91C3F /* ErrorFetchingData */,
			);
			path = ErrorView;
			sourceTree = "<group>";
		};
		85C8A78C2B12504000BCBC3A /* ForecastView */ = {
			isa = PBXGroup;
			children = (
				857AC6DE2AF23A3100C4906F /* ForecastView.swift */,
				85C2B5FD2B4C596100305CDF /* ViewModel */,
				85C8A7972B15C67E00BCBC3A /* ForecastDetailView.swift */,
				85C8A7992B15CE2100BCBC3A /* ForecastHeaderInfoView.swift */,
				85C2B5FB2B4C52A500305CDF /* ForecastViewContent.swift */,
				852DB8982B73613100596FFB /* ForecastDetailNowView.swift */,
			);
			path = ForecastView;
			sourceTree = "<group>";
		};
		85C8A7A32B19BCBD00BCBC3A /* Managers */ = {
			isa = PBXGroup;
			children = (
				85C8A7A42B19BCDB00BCBC3A /* LocationManager.swift */,
				85C8A7B02B1B83E500BCBC3A /* WeatherManager.swift */,
			);
			path = Managers;
			sourceTree = "<group>";
		};
		85C8A7A62B19C06A00BCBC3A /* LoadingView */ = {
			isa = PBXGroup;
			children = (
				85C8A7A72B19C08400BCBC3A /* LoadingView.swift */,
			);
			path = LoadingView;
			sourceTree = "<group>";
		};
		85C8A7A92B19C12400BCBC3A /* EnableLocation */ = {
			isa = PBXGroup;
			children = (
				85C0C9042B0F2EBD00733E82 /* EnableLocationView.swift */,
			);
			path = EnableLocation;
			sourceTree = "<group>";
		};
		85D47C322BA8285500F9B53C /* Constants  */ = {
			isa = PBXGroup;
			children = (
				85D47C332BA8287C00F9B53C /* Constants.swift */,
			);
			path = "Constants ";
			sourceTree = "<group>";
		};
/* End PBXGroup section */

/* Begin PBXNativeTarget section */
		857AC6A82AF22F0B00C4906F /* WeatherAppSwiftUIKit */ = {
			isa = PBXNativeTarget;
			buildConfigurationList = 857AC6CD2AF22F0C00C4906F /* Build configuration list for PBXNativeTarget "WeatherAppSwiftUIKit" */;
			buildPhases = (
				857AC6A52AF22F0B00C4906F /* Sources */,
				857AC6A62AF22F0B00C4906F /* Frameworks */,
				857AC6A72AF22F0B00C4906F /* Resources */,
				852DB8E42B74B3AE00596FFB /* Embed Watch Content */,
				85412DF92B826D22000EB544 /* Embed Foundation Extensions */,
			);
			buildRules = (
			);
			dependencies = (
			);
			name = WeatherAppSwiftUIKit;
			packageProductDependencies = (
				857371BE2BE91B21002B20FB /* Factory */,
			);
			productName = AppleWeatherSwift;
			productReference = 857AC6A92AF22F0B00C4906F /* WeatherAppSwiftUIKit.app */;
			productType = "com.apple.product-type.application";
		};
/* End PBXNativeTarget section */

/* Begin PBXProject section */
		857AC6A12AF22F0A00C4906F /* Project object */ = {
			isa = PBXProject;
			attributes = {
				BuildIndependentTargetsInParallel = 1;
				LastSwiftUpdateCheck = 1520;
				LastUpgradeCheck = 1500;
				TargetAttributes = {
					857AC6A82AF22F0B00C4906F = {
						CreatedOnToolsVersion = 15.0.1;
					};
				};
			};
			buildConfigurationList = 857AC6A42AF22F0A00C4906F /* Build configuration list for PBXProject "WeatherAppSwiftUIKit" */;
			compatibilityVersion = "Xcode 14.0";
			developmentRegion = en;
			hasScannedForEncodings = 0;
			knownRegions = (
				en,
				Base,
				de,
				cs,
			);
			mainGroup = 857AC6A02AF22F0A00C4906F;
			packageReferences = (
				85B73FE32BB71C9E001AF499 /* XCRemoteSwiftPackageReference "Factory" */,
			);
			productRefGroup = 857AC6AA2AF22F0B00C4906F /* Products */;
			projectDirPath = "";
			projectRoot = "";
			targets = (
				857AC6A82AF22F0B00C4906F /* WeatherAppSwiftUIKit */,
			);
		};
/* End PBXProject section */

/* Begin PBXResourcesBuildPhase section */
		857AC6A72AF22F0B00C4906F /* Resources */ = {
			isa = PBXResourcesBuildPhase;
			buildActionMask = 2147483647;
			files = (
				857AC6B42AF22F0C00C4906F /* Preview Assets.xcassets in Resources */,
				85C0C8FF2B0C8EA900733E82 /* Inter-Regular.otf in Resources */,
				85C8A7B52B1CD6AE00BCBC3A /* weatherDataCurrentWeather.json in Resources */,
				85C0C8FE2B0C8EA900733E82 /* Inter-Medium.otf in Resources */,
				85C0C9002B0C8EA900733E82 /* Inter-SemiBold.otf in Resources */,
				857AC6B12AF22F0C00C4906F /* Assets.xcassets in Resources */,
				85C0C90E2B0FD01D00733E82 /* Localizable.xcstrings in Resources */,
				85C2B5E52B26EE8B00305CDF /* weatherDataForecast.json in Resources */,
				85C0C9012B0C8EA900733E82 /* Inter-Bold.otf in Resources */,
			);
			runOnlyForDeploymentPostprocessing = 0;
		};
/* End PBXResourcesBuildPhase section */

/* Begin PBXSourcesBuildPhase section */
		857AC6A52AF22F0B00C4906F /* Sources */ = {
			isa = PBXSourcesBuildPhase;
			buildActionMask = 2147483647;
			files = (
				85B73FFC2BBD2768001AF499 /* Router.swift in Sources */,
				85C0C8B22B04A0F100733E82 /* Font+App.swift in Sources */,
				85C0C9052B0F2EBD00733E82 /* EnableLocationView.swift in Sources */,
				858AF8AE2B5906D200F91C3F /* WeatherManagerExtension.swift in Sources */,
				85C8A7A52B19BCDB00BCBC3A /* LocationManager.swift in Sources */,
				85C2B5FC2B4C52A500305CDF /* ForecastViewContent.swift in Sources */,
				857AC6E32AF23C6200C4906F /* TodayView.swift in Sources */,
				85C8A7942B1477EA00BCBC3A /* TodayAnimationBackgroundView.swift in Sources */,
				85C8A7A82B19C08400BCBC3A /* LoadingView.swift in Sources */,
				852DB8972B70BD2100596FFB /* ErrorAnimationBackgroundView.swift in Sources */,
				85B73FFA2BBD2720001AF499 /* Network.swift in Sources */,
				85C2B5F82B4C27A700305CDF /* TodayViewContent.swift in Sources */,
				85D47C1C2BA183AC00F9B53C /* ExtensionDate.swift in Sources */,
				85C2B5F62B36D42900305CDF /* TodayViewModel.swift in Sources */,
				858AF8B42B5A5E1200F91C3F /* ErrorInternetConnectionView.swift in Sources */,
				85C8A7982B15C67E00BCBC3A /* ForecastDetailView.swift in Sources */,
				857AC6DF2AF23A3100C4906F /* ForecastView.swift in Sources */,
				852DB8992B73613100596FFB /* ForecastDetailNowView.swift in Sources */,
				85D47C342BA8287C00F9B53C /* Constants.swift in Sources */,
				85C8A7B72B1DAF1D00BCBC3A /* ExtensionDouble.swift in Sources */,
				85C0C9092B0F9C2300733E82 /* AppText.swift in Sources */,
				85B73FFE2BBD28B0001AF499 /* NetworkError.swift in Sources */,
				857AC6AF2AF22F0B00C4906F /* ContentView.swift in Sources */,
				85B7400A2BBE7A01001AF499 /* RouterWeatherManager.swift in Sources */,
				85D47C262BA2D4A300F9B53C /* ResponseData.swift in Sources */,
				85C8A7BB2B1F0A3E00BCBC3A /* ShareSheetView.swift in Sources */,
				85D47C2E2BA43E9B00F9B53C /* ExtensionTemperatureLogic.swift in Sources */,
				85D47C1E2BA183BD00F9B53C /* ExtensionImage.swift in Sources */,
				85C0C9032B0F2EA500733E82 /* ErrorFetchingDataView.swift in Sources */,
				85C0C90B2B0FB7D400733E82 /* ButtonStyle.swift in Sources */,
				857AC6AD2AF22F0B00C4906F /* AppleWeatherSwiftApp.swift in Sources */,
				85C0C9072B0F37FF00733E82 /* Image+App.swift in Sources */,
				85C8A7B12B1B83E500BCBC3A /* WeatherManager.swift in Sources */,
				85C8A7B32B1CD65900BCBC3A /* ModelData.swift in Sources */,
				85C2B5FA2B4C520C00305CDF /* ForecastViewModel.swift in Sources */,
				85D47C312BA5909000F9B53C /* Logs.swift in Sources */,
				85D47C1A2BA1839400F9B53C /* ExtensionString.swift in Sources */,
				858AF8B02B59206000F91C3F /* ShareButtonExtension.swift in Sources */,
				85C8A79A2B15CE2100BCBC3A /* ForecastHeaderInfoView.swift in Sources */,
				85C8A7882B12478500BCBC3A /* TodayDetailInfo.swift in Sources */,
				850FC5AA2BA9D42900E66FB4 /* OnLoadModifier.swift in Sources */,
			);
			runOnlyForDeploymentPostprocessing = 0;
		};
/* End PBXSourcesBuildPhase section */

/* Begin XCBuildConfiguration section */
		857AC6CB2AF22F0C00C4906F /* Debug */ = {
			isa = XCBuildConfiguration;
			buildSettings = {
				ALWAYS_SEARCH_USER_PATHS = NO;
				ASSETCATALOG_COMPILER_GENERATE_SWIFT_ASSET_SYMBOL_EXTENSIONS = YES;
				CLANG_ANALYZER_NONNULL = YES;
				CLANG_ANALYZER_NUMBER_OBJECT_CONVERSION = YES_AGGRESSIVE;
				CLANG_CXX_LANGUAGE_STANDARD = "gnu++20";
				CLANG_ENABLE_MODULES = YES;
				CLANG_ENABLE_OBJC_ARC = YES;
				CLANG_ENABLE_OBJC_WEAK = YES;
				CLANG_WARN_BLOCK_CAPTURE_AUTORELEASING = YES;
				CLANG_WARN_BOOL_CONVERSION = YES;
				CLANG_WARN_COMMA = YES;
				CLANG_WARN_CONSTANT_CONVERSION = YES;
				CLANG_WARN_DEPRECATED_OBJC_IMPLEMENTATIONS = YES;
				CLANG_WARN_DIRECT_OBJC_ISA_USAGE = YES_ERROR;
				CLANG_WARN_DOCUMENTATION_COMMENTS = YES;
				CLANG_WARN_EMPTY_BODY = YES;
				CLANG_WARN_ENUM_CONVERSION = YES;
				CLANG_WARN_INFINITE_RECURSION = YES;
				CLANG_WARN_INT_CONVERSION = YES;
				CLANG_WARN_NON_LITERAL_NULL_CONVERSION = YES;
				CLANG_WARN_OBJC_IMPLICIT_RETAIN_SELF = YES;
				CLANG_WARN_OBJC_LITERAL_CONVERSION = YES;
				CLANG_WARN_OBJC_ROOT_CLASS = YES_ERROR;
				CLANG_WARN_QUOTED_INCLUDE_IN_FRAMEWORK_HEADER = YES;
				CLANG_WARN_RANGE_LOOP_ANALYSIS = YES;
				CLANG_WARN_STRICT_PROTOTYPES = YES;
				CLANG_WARN_SUSPICIOUS_MOVE = YES;
				CLANG_WARN_UNGUARDED_AVAILABILITY = YES_AGGRESSIVE;
				CLANG_WARN_UNREACHABLE_CODE = YES;
				CLANG_WARN__DUPLICATE_METHOD_MATCH = YES;
				COPY_PHASE_STRIP = NO;
				DEBUG_INFORMATION_FORMAT = dwarf;
				ENABLE_STRICT_OBJC_MSGSEND = YES;
				ENABLE_TESTABILITY = YES;
				ENABLE_USER_SCRIPT_SANDBOXING = YES;
				GCC_C_LANGUAGE_STANDARD = gnu17;
				GCC_DYNAMIC_NO_PIC = NO;
				GCC_NO_COMMON_BLOCKS = YES;
				GCC_OPTIMIZATION_LEVEL = 0;
				GCC_PREPROCESSOR_DEFINITIONS = (
					"DEBUG=1",
					"$(inherited)",
				);
				GCC_WARN_64_TO_32_BIT_CONVERSION = YES;
				GCC_WARN_ABOUT_RETURN_TYPE = YES_ERROR;
				GCC_WARN_UNDECLARED_SELECTOR = YES;
				GCC_WARN_UNINITIALIZED_AUTOS = YES_AGGRESSIVE;
				GCC_WARN_UNUSED_FUNCTION = YES;
				GCC_WARN_UNUSED_VARIABLE = YES;
				IPHONEOS_DEPLOYMENT_TARGET = 16.0;
				LOCALIZATION_PREFERS_STRING_CATALOGS = YES;
				MTL_ENABLE_DEBUG_INFO = INCLUDE_SOURCE;
				MTL_FAST_MATH = YES;
				ONLY_ACTIVE_ARCH = YES;
				SDKROOT = iphoneos;
				SWIFT_ACTIVE_COMPILATION_CONDITIONS = "DEBUG $(inherited)";
				SWIFT_OPTIMIZATION_LEVEL = "-Onone";
			};
			name = Debug;
		};
		857AC6CC2AF22F0C00C4906F /* Release */ = {
			isa = XCBuildConfiguration;
			buildSettings = {
				ALWAYS_SEARCH_USER_PATHS = NO;
				ASSETCATALOG_COMPILER_GENERATE_SWIFT_ASSET_SYMBOL_EXTENSIONS = YES;
				CLANG_ANALYZER_NONNULL = YES;
				CLANG_ANALYZER_NUMBER_OBJECT_CONVERSION = YES_AGGRESSIVE;
				CLANG_CXX_LANGUAGE_STANDARD = "gnu++20";
				CLANG_ENABLE_MODULES = YES;
				CLANG_ENABLE_OBJC_ARC = YES;
				CLANG_ENABLE_OBJC_WEAK = YES;
				CLANG_WARN_BLOCK_CAPTURE_AUTORELEASING = YES;
				CLANG_WARN_BOOL_CONVERSION = YES;
				CLANG_WARN_COMMA = YES;
				CLANG_WARN_CONSTANT_CONVERSION = YES;
				CLANG_WARN_DEPRECATED_OBJC_IMPLEMENTATIONS = YES;
				CLANG_WARN_DIRECT_OBJC_ISA_USAGE = YES_ERROR;
				CLANG_WARN_DOCUMENTATION_COMMENTS = YES;
				CLANG_WARN_EMPTY_BODY = YES;
				CLANG_WARN_ENUM_CONVERSION = YES;
				CLANG_WARN_INFINITE_RECURSION = YES;
				CLANG_WARN_INT_CONVERSION = YES;
				CLANG_WARN_NON_LITERAL_NULL_CONVERSION = YES;
				CLANG_WARN_OBJC_IMPLICIT_RETAIN_SELF = YES;
				CLANG_WARN_OBJC_LITERAL_CONVERSION = YES;
				CLANG_WARN_OBJC_ROOT_CLASS = YES_ERROR;
				CLANG_WARN_QUOTED_INCLUDE_IN_FRAMEWORK_HEADER = YES;
				CLANG_WARN_RANGE_LOOP_ANALYSIS = YES;
				CLANG_WARN_STRICT_PROTOTYPES = YES;
				CLANG_WARN_SUSPICIOUS_MOVE = YES;
				CLANG_WARN_UNGUARDED_AVAILABILITY = YES_AGGRESSIVE;
				CLANG_WARN_UNREACHABLE_CODE = YES;
				CLANG_WARN__DUPLICATE_METHOD_MATCH = YES;
				COPY_PHASE_STRIP = NO;
				DEBUG_INFORMATION_FORMAT = "dwarf-with-dsym";
				ENABLE_NS_ASSERTIONS = NO;
				ENABLE_STRICT_OBJC_MSGSEND = YES;
				ENABLE_USER_SCRIPT_SANDBOXING = YES;
				GCC_C_LANGUAGE_STANDARD = gnu17;
				GCC_NO_COMMON_BLOCKS = YES;
				GCC_WARN_64_TO_32_BIT_CONVERSION = YES;
				GCC_WARN_ABOUT_RETURN_TYPE = YES_ERROR;
				GCC_WARN_UNDECLARED_SELECTOR = YES;
				GCC_WARN_UNINITIALIZED_AUTOS = YES_AGGRESSIVE;
				GCC_WARN_UNUSED_FUNCTION = YES;
				GCC_WARN_UNUSED_VARIABLE = YES;
				IPHONEOS_DEPLOYMENT_TARGET = 16.0;
				LOCALIZATION_PREFERS_STRING_CATALOGS = YES;
				MTL_ENABLE_DEBUG_INFO = NO;
				MTL_FAST_MATH = YES;
				SDKROOT = iphoneos;
				SWIFT_COMPILATION_MODE = wholemodule;
				VALIDATE_PRODUCT = YES;
			};
			name = Release;
		};
		857AC6CE2AF22F0C00C4906F /* Debug */ = {
			isa = XCBuildConfiguration;
			buildSettings = {
				ALWAYS_EMBED_SWIFT_STANDARD_LIBRARIES = YES;
				ASSETCATALOG_COMPILER_APPICON_NAME = AppIcon;
				ASSETCATALOG_COMPILER_GLOBAL_ACCENT_COLOR_NAME = AccentColor;
				CODE_SIGN_ENTITLEMENTS = AppleWeatherSwift/AppleWeatherSwiftDebug.entitlements;
				CODE_SIGN_STYLE = Automatic;
				CURRENT_PROJECT_VERSION = 1;
				DEVELOPMENT_ASSET_PATHS = "\"AppleWeatherSwift/Preview Content\"";
				DEVELOPMENT_TEAM = A3C697XPTN;
				ENABLE_PREVIEWS = YES;
				GENERATE_INFOPLIST_FILE = YES;
				INFOPLIST_FILE = AppleWeatherSwift/Info.plist;
				INFOPLIST_KEY_LSApplicationCategoryType = "public.app-category.weather";
				INFOPLIST_KEY_NSLocationWhenInUseUsageDescription = "Share your location bitch!";
				INFOPLIST_KEY_UIApplicationSceneManifest_Generation = YES;
				INFOPLIST_KEY_UIApplicationSupportsIndirectInputEvents = YES;
				INFOPLIST_KEY_UILaunchScreen_Generation = YES;
				INFOPLIST_KEY_UISupportedInterfaceOrientations = UIInterfaceOrientationPortrait;
				INFOPLIST_KEY_UISupportedInterfaceOrientations_iPad = "UIInterfaceOrientationPortrait UIInterfaceOrientationPortraitUpsideDown";
				IPHONEOS_DEPLOYMENT_TARGET = 16.0;
				LD_RUNPATH_SEARCH_PATHS = (
					"$(inherited)",
					"@executable_path/Frameworks",
				);
				MARKETING_VERSION = 1.0;
				PRODUCT_BUNDLE_IDENTIFIER = Stepanek.WeatherAppSwiftUIKit;
				PRODUCT_NAME = "$(TARGET_NAME)";
				SWIFT_EMIT_LOC_STRINGS = YES;
				SWIFT_VERSION = 5.0;
				TARGETED_DEVICE_FAMILY = "1,2";
			};
			name = Debug;
		};
		857AC6CF2AF22F0C00C4906F /* Release */ = {
			isa = XCBuildConfiguration;
			buildSettings = {
				ALWAYS_EMBED_SWIFT_STANDARD_LIBRARIES = YES;
				ASSETCATALOG_COMPILER_APPICON_NAME = AppIcon;
				ASSETCATALOG_COMPILER_GLOBAL_ACCENT_COLOR_NAME = AccentColor;
				CODE_SIGN_ENTITLEMENTS = AppleWeatherSwift/AppleWeatherSwift.entitlements;
				CODE_SIGN_STYLE = Automatic;
				CURRENT_PROJECT_VERSION = 1;
				DEVELOPMENT_ASSET_PATHS = "\"AppleWeatherSwift/Preview Content\"";
				DEVELOPMENT_TEAM = A3C697XPTN;
				ENABLE_PREVIEWS = YES;
				GENERATE_INFOPLIST_FILE = YES;
				INFOPLIST_FILE = AppleWeatherSwift/Info.plist;
				INFOPLIST_KEY_LSApplicationCategoryType = "public.app-category.weather";
				INFOPLIST_KEY_NSLocationWhenInUseUsageDescription = "Share your location bitch!";
				INFOPLIST_KEY_UIApplicationSceneManifest_Generation = YES;
				INFOPLIST_KEY_UIApplicationSupportsIndirectInputEvents = YES;
				INFOPLIST_KEY_UILaunchScreen_Generation = YES;
				INFOPLIST_KEY_UISupportedInterfaceOrientations = UIInterfaceOrientationPortrait;
				INFOPLIST_KEY_UISupportedInterfaceOrientations_iPad = "UIInterfaceOrientationPortrait UIInterfaceOrientationPortraitUpsideDown";
				IPHONEOS_DEPLOYMENT_TARGET = 16.0;
				LD_RUNPATH_SEARCH_PATHS = (
					"$(inherited)",
					"@executable_path/Frameworks",
				);
				MARKETING_VERSION = 1.0;
				PRODUCT_BUNDLE_IDENTIFIER = Stepanek.WeatherAppSwiftUIKit;
				PRODUCT_NAME = "$(TARGET_NAME)";
				SWIFT_EMIT_LOC_STRINGS = YES;
				SWIFT_VERSION = 5.0;
				TARGETED_DEVICE_FAMILY = "1,2";
			};
			name = Release;
		};
/* End XCBuildConfiguration section */

/* Begin XCConfigurationList section */
		857AC6A42AF22F0A00C4906F /* Build configuration list for PBXProject "WeatherAppSwiftUIKit" */ = {
			isa = XCConfigurationList;
			buildConfigurations = (
				857AC6CB2AF22F0C00C4906F /* Debug */,
				857AC6CC2AF22F0C00C4906F /* Release */,
			);
			defaultConfigurationIsVisible = 0;
			defaultConfigurationName = Release;
		};
		857AC6CD2AF22F0C00C4906F /* Build configuration list for PBXNativeTarget "WeatherAppSwiftUIKit" */ = {
			isa = XCConfigurationList;
			buildConfigurations = (
				857AC6CE2AF22F0C00C4906F /* Debug */,
				857AC6CF2AF22F0C00C4906F /* Release */,
			);
			defaultConfigurationIsVisible = 0;
			defaultConfigurationName = Release;
		};
/* End XCConfigurationList section */

/* Begin XCRemoteSwiftPackageReference section */
		85B73FE32BB71C9E001AF499 /* XCRemoteSwiftPackageReference "Factory" */ = {
			isa = XCRemoteSwiftPackageReference;
			repositoryURL = "https://github.com/hmlongco/Factory.git";
			requirement = {
				kind = upToNextMajorVersion;
				minimumVersion = 2.3.2;
			};
		};
/* End XCRemoteSwiftPackageReference section */

/* Begin XCSwiftPackageProductDependency section */
		857371BE2BE91B21002B20FB /* Factory */ = {
			isa = XCSwiftPackageProductDependency;
			package = 85B73FE32BB71C9E001AF499 /* XCRemoteSwiftPackageReference "Factory" */;
			productName = Factory;
		};
/* End XCSwiftPackageProductDependency section */
	};
	rootObject = 857AC6A12AF22F0A00C4906F /* Project object */;
}
